
Microsoft Visual Studio Solution File, Format Version 12.00
# Visual Studio 15
VisualStudioVersion = 15.0.27130.2020
MinimumVisualStudioVersion = 10.0.40219.1
Project("{FAE04EC0-301F-11D3-BF4B-00C04F79EFBC}") = "MoonrakeServer", "MoonrakeServer\MoonrakeServer.csproj", "{45464526-E20A-4257-9F37-A8BAE1CB3472}"
EndProject
Project("{FAE04EC0-301F-11D3-BF4B-00C04F79EFBC}") = "ServerEngine", "ServerEngine\ServerEngine.csproj", "{C578242E-55E6-4A63-89A4-138505108342}"
EndProject
Project("{FAE04EC0-301F-11D3-BF4B-00C04F79EFBC}") = "SoundUtils", "SoundUtils\SoundUtils.csproj", "{5BB92D21-99F0-4C40-BD84-63E7F5391716}"
EndProject
Project("{FAE04EC0-301F-11D3-BF4B-00C04F79EFBC}") = "ExampleGameServer", "ExampleGameServer\ExampleGameServer.csproj", "{422C71F5-776D-40A9-9D02-D59ED19A9D68}"
EndProject
Project("{FAE04EC0-301F-11D3-BF4B-00C04F79EFBC}") = "DragonKittyServer", "DragonKittyServer\DragonKittyServer.csproj", "{B9D23B86-F863-4610-9555-22CC36B9AB97}"
EndProject
Project("{FAE04EC0-301F-11D3-BF4B-00C04F79EFBC}") = "GameClient", "GameClient\GameClient.csproj", "{E851BAE3-C06E-4A6C-BE54-97D7C14912AA}"
EndProject
Project("{FAE04EC0-301F-11D3-BF4B-00C04F79EFBC}") = "BaseClientServerDtos", "BaseClientServerDtos\BaseClientServerDtos.csproj", "{50A99435-349F-49E0-969F-F98B1ACCED5E}"
EndProject
Global
	GlobalSection(SolutionConfigurationPlatforms) = preSolution
		Debug|Any CPU = Debug|Any CPU
		Release|Any CPU = Release|Any CPU
	EndGlobalSection
	GlobalSection(ProjectConfigurationPlatforms) = postSolution
		{45464526-E20A-4257-9F37-A8BAE1CB3472}.Debug|Any CPU.ActiveCfg = Debug|Any CPU
		{45464526-E20A-4257-9F37-A8BAE1CB3472}.Debug|Any CPU.Build.0 = Debug|Any CPU
		{45464526-E20A-4257-9F37-A8BAE1CB3472}.Release|Any CPU.ActiveCfg = Release|Any CPU
		{45464526-E20A-4257-9F37-A8BAE1CB3472}.Release|Any CPU.Build.0 = Release|Any CPU
		{C578242E-55E6-4A63-89A4-138505108342}.Debug|Any CPU.ActiveCfg = Debug|Any CPU
		{C578242E-55E6-4A63-89A4-138505108342}.Debug|Any CPU.Build.0 = Debug|Any CPU
		{C578242E-55E6-4A63-89A4-138505108342}.Release|Any CPU.ActiveCfg = Release|Any CPU
		{C578242E-55E6-4A63-89A4-138505108342}.Release|Any CPU.Build.0 = Release|Any CPU
		{5BB92D21-99F0-4C40-BD84-63E7F5391716}.Debug|Any CPU.ActiveCfg = Debug|Any CPU
		{5BB92D21-99F0-4C40-BD84-63E7F5391716}.Debug|Any CPU.Build.0 = Debug|Any CPU
		{5BB92D21-99F0-4C40-BD84-63E7F5391716}.Release|Any CPU.ActiveCfg = Release|Any CPU
		{5BB92D21-99F0-4C40-BD84-63E7F5391716}.Release|Any CPU.Build.0 = Release|Any CPU
		{422C71F5-776D-40A9-9D02-D59ED19A9D68}.Debug|Any CPU.ActiveCfg = Debug|Any CPU
		{422C71F5-776D-40A9-9D02-D59ED19A9D68}.Debug|Any CPU.Build.0 = Debug|Any CPU
		{422C71F5-776D-40A9-9D02-D59ED19A9D68}.Release|Any CPU.ActiveCfg = Release|Any CPU
		{422C71F5-776D-40A9-9D02-D59ED19A9D68}.Release|Any CPU.Build.0 = Release|Any CPU
		{B9D23B86-F863-4610-9555-22CC36B9AB97}.Debug|Any CPU.ActiveCfg = Debug|Any CPU
		{B9D23B86-F863-4610-9555-22CC36B9AB97}.Debug|Any CPU.Build.0 = Debug|Any CPU
		{B9D23B86-F863-4610-9555-22CC36B9AB97}.Release|Any CPU.ActiveCfg = Release|Any CPU
		{B9D23B86-F863-4610-9555-22CC36B9AB97}.Release|Any CPU.Build.0 = Release|Any CPU
		{E851BAE3-C06E-4A6C-BE54-97D7C14912AA}.Debug|Any CPU.ActiveCfg = Debug|Any CPU
		{E851BAE3-C06E-4A6C-BE54-97D7C14912AA}.Debug|Any CPU.Build.0 = Debug|Any CPU
		{E851BAE3-C06E-4A6C-BE54-97D7C14912AA}.Release|Any CPU.ActiveCfg = Release|Any CPU
		{E851BAE3-C06E-4A6C-BE54-97D7C14912AA}.Release|Any CPU.Build.0 = Release|Any CPU
		{50A99435-349F-49E0-969F-F98B1ACCED5E}.Debug|Any CPU.ActiveCfg = Debug|Any CPU
		{50A99435-349F-49E0-969F-F98B1ACCED5E}.Debug|Any CPU.Build.0 = Debug|Any CPU
		{50A99435-349F-49E0-969F-F98B1ACCED5E}.Release|Any CPU.ActiveCfg = Release|Any CPU
		{50A99435-349F-49E0-969F-F98B1ACCED5E}.Release|Any CPU.Build.0 = Release|Any CPU
	EndGlobalSection
	GlobalSection(SolutionProperties) = preSolution
		HideSolutionNode = FALSE
	EndGlobalSection
	GlobalSection(ExtensibilityGlobals) = postSolution
		SolutionGuid = {A96C7EC4-9048-4514-AD61-391B3655EBC0}
	EndGlobalSection
EndGlobal
